
Microsoft Visual Studio Solution File, Format Version 12.00
# Visual Studio Version 17
VisualStudioVersion = 17.1.32210.238
MinimumVisualStudioVersion = 10.0.40219.1
Project("{9A19103F-16F7-4668-BE54-9A1E7A4F7556}") = "Checkout.PaymentGateway.API", "Checkout.PaymentGateway.API\Checkout.PaymentGateway.API.csproj", "{DD9E8681-9ECA-446D-B228-969E3EF86A8E}"
EndProject
Project("{9A19103F-16F7-4668-BE54-9A1E7A4F7556}") = "Checkout.PaymentGateway.API.Models", "Checkout.PaymentGateway.API.Models\Checkout.PaymentGateway.API.Models.csproj", "{5C94E15F-0659-4F40-855C-257C170213BF}"
EndProject
Project("{2150E333-8FDC-42A3-9474-1A3956D46DE8}") = "API", "API", "{E5551F1B-3BDD-4CCD-B02D-CA58A93C7AC5}"
EndProject
Project("{2150E333-8FDC-42A3-9474-1A3956D46DE8}") = "Application", "Application", "{82604847-745C-40B9-8C5C-C9A29A258C90}"
EndProject
Project("{9A19103F-16F7-4668-BE54-9A1E7A4F7556}") = "Checkout.PaymentGateway.Application.CommandHandlers", "Checkout.PaymentGateway.Application.CommandHandlers\Checkout.PaymentGateway.Application.CommandHandlers.csproj", "{73B491DE-905A-4C76-8C0C-10DB1AD2F513}"
EndProject
Project("{9A19103F-16F7-4668-BE54-9A1E7A4F7556}") = "Checkout.PaymentGateway.Application.Integration", "Checkout.PaymentGateway.Application.Integration\Checkout.PaymentGateway.Application.Integration.csproj", "{2A3F170F-879E-4DEE-A386-A09CB721A365}"
EndProject
Project("{9A19103F-16F7-4668-BE54-9A1E7A4F7556}") = "Checkout.PaymentGateway.Application.QueryHandlers", "Checkout.PaymentGateway.Application.QueryHandlers\Checkout.PaymentGateway.Application.QueryHandlers.csproj", "{D62B4F0C-69CC-4981-B8B1-F029C132905D}"
EndProject
Project("{2150E333-8FDC-42A3-9474-1A3956D46DE8}") = "Domain", "Domain", "{AF0E543F-40F0-4C1C-BB2D-2EB267008CF1}"
EndProject
Project("{9A19103F-16F7-4668-BE54-9A1E7A4F7556}") = "Checkout.PaymentGateway.Domain", "Checkout.PaymentGateway.Domain\Checkout.PaymentGateway.Domain.csproj", "{EDEDC35E-D092-4DF1-AE9E-4FFB40D5D996}"
EndProject
Project("{2150E333-8FDC-42A3-9474-1A3956D46DE8}") = "Shared", "Shared", "{BBDDEF1E-94C9-4EDF-99A7-22B636E10D43}"
EndProject
Project("{9A19103F-16F7-4668-BE54-9A1E7A4F7556}") = "Checkout.PaymentGateway.Common", "Checkout.PaymentGateway.Common\Checkout.PaymentGateway.Common.csproj", "{E4E4218B-5983-4F57-B3B2-6B436BBB1D06}"
EndProject
Project("{2150E333-8FDC-42A3-9474-1A3956D46DE8}") = "Tests", "Tests", "{08FE2EC2-7229-4BDA-9DD6-F3BBE5B06567}"
EndProject
Project("{9A19103F-16F7-4668-BE54-9A1E7A4F7556}") = "Checkout.PaymentGateway.API.ComponentTests", "Checkout.PaymentGateway.API.ComponentTests\Checkout.PaymentGateway.API.ComponentTests.csproj", "{D8016301-C296-4C23-9C45-F314E7A38A9C}"
EndProject
Project("{2150E333-8FDC-42A3-9474-1A3956D46DE8}") = "Infrastructure", "Infrastructure", "{72AD456F-3452-45F6-8509-CC71902094F6}"
EndProject
Project("{9A19103F-16F7-4668-BE54-9A1E7A4F7556}") = "Checkout.PaymentGateway.Infrastructure", "Checkout.PaymentGateway.Infrastructure\Checkout.PaymentGateway.Infrastructure.csproj", "{25FBB285-67BC-4B34-A74D-18E580E53D07}"
EndProject
Project("{2150E333-8FDC-42A3-9474-1A3956D46DE8}") = "BankEmulator", "BankEmulator", "{31EF7E44-F127-4DAF-866F-5C78E8B601C1}"
EndProject
Project("{9A19103F-16F7-4668-BE54-9A1E7A4F7556}") = "Checkout.AcquiringBank.Emulator", "Checkout.AcquiringBank.Emulator\Checkout.AcquiringBank.Emulator.csproj", "{74BA729E-85E3-47B0-9E26-592865A40175}"
EndProject
Project("{2150E333-8FDC-42A3-9474-1A3956D46DE8}") = "External", "External", "{6CDEFE6E-2392-4373-8E73-407F315CEFAB}"
EndProject
Project("{9A19103F-16F7-4668-BE54-9A1E7A4F7556}") = "Checkout.AcquiringBank", "Checkout.AcquiringBank\Checkout.AcquiringBank.csproj", "{8B60ABA5-351C-45FF-8D49-06F4D68EC0DE}"
EndProject
Project("{9A19103F-16F7-4668-BE54-9A1E7A4F7556}") = "Checkout.AcquiringBank.UnitTests", "Checkout.AcquiringBank.UnitTests\Checkout.AcquiringBank.UnitTests.csproj", "{F3A7BEDE-51D2-4116-83B9-E83F1C3ED827}"
EndProject
Project("{9A19103F-16F7-4668-BE54-9A1E7A4F7556}") = "Checkout.PaymentGateway.Tests.Shared", "Checkout.PaymentGateway.Tests.Shared\Checkout.PaymentGateway.Tests.Shared.csproj", "{2B3CE3BC-EF9A-4BEB-8603-4DCA5C36A2CC}"
EndProject
Project("{9A19103F-16F7-4668-BE54-9A1E7A4F7556}") = "Checkout.PaymentGateway.CQRS", "Checkout.PaymentGateway.CQRS\Checkout.PaymentGateway.CQRS.csproj", "{8EC83F8E-769C-4244-9ACF-4E9360827223}"
EndProject
Project("{FAE04EC0-301F-11D3-BF4B-00C04F79EFBC}") = "Checkout.PaymentGateway.Application.CommandHandlers.UnitTests", "Checkout.PaymentGateway.Application.CommandHandlers.UnitTests\Checkout.PaymentGateway.Application.CommandHandlers.UnitTests.csproj", "{A080EF8F-7AAD-4C3F-B72B-46E5D9A2367F}"
EndProject
Project("{FAE04EC0-301F-11D3-BF4B-00C04F79EFBC}") = "Checkout.PaymentGateway.Application.QueryHandlers.UnitTests", "Checkout.PaymentGateway.Application.QueryHandlers.UnitTests\Checkout.PaymentGateway.Application.QueryHandlers.UnitTests.csproj", "{691481BD-ABE1-47A9-8C70-633D194036E0}"
EndProject
Project("{FAE04EC0-301F-11D3-BF4B-00C04F79EFBC}") = "Checkout.PaymentGateway.Infrastructure.UnitTests", "Checkout.PaymentGateway.Infrastructure.UnitTests\Checkout.PaymentGateway.Infrastructure.UnitTests.csproj", "{DFBD60A6-C658-4D18-B72B-58FC3448C747}"
EndProject
Global
	GlobalSection(SolutionConfigurationPlatforms) = preSolution
		Debug|Any CPU = Debug|Any CPU
		Release|Any CPU = Release|Any CPU
	EndGlobalSection
	GlobalSection(ProjectConfigurationPlatforms) = postSolution
		{DD9E8681-9ECA-446D-B228-969E3EF86A8E}.Debug|Any CPU.ActiveCfg = Debug|Any CPU
		{DD9E8681-9ECA-446D-B228-969E3EF86A8E}.Debug|Any CPU.Build.0 = Debug|Any CPU
		{DD9E8681-9ECA-446D-B228-969E3EF86A8E}.Release|Any CPU.ActiveCfg = Release|Any CPU
		{DD9E8681-9ECA-446D-B228-969E3EF86A8E}.Release|Any CPU.Build.0 = Release|Any CPU
		{5C94E15F-0659-4F40-855C-257C170213BF}.Debug|Any CPU.ActiveCfg = Debug|Any CPU
		{5C94E15F-0659-4F40-855C-257C170213BF}.Debug|Any CPU.Build.0 = Debug|Any CPU
		{5C94E15F-0659-4F40-855C-257C170213BF}.Release|Any CPU.ActiveCfg = Release|Any CPU
		{5C94E15F-0659-4F40-855C-257C170213BF}.Release|Any CPU.Build.0 = Release|Any CPU
		{73B491DE-905A-4C76-8C0C-10DB1AD2F513}.Debug|Any CPU.ActiveCfg = Debug|Any CPU
		{73B491DE-905A-4C76-8C0C-10DB1AD2F513}.Debug|Any CPU.Build.0 = Debug|Any CPU
		{73B491DE-905A-4C76-8C0C-10DB1AD2F513}.Release|Any CPU.ActiveCfg = Release|Any CPU
		{73B491DE-905A-4C76-8C0C-10DB1AD2F513}.Release|Any CPU.Build.0 = Release|Any CPU
		{2A3F170F-879E-4DEE-A386-A09CB721A365}.Debug|Any CPU.ActiveCfg = Debug|Any CPU
		{2A3F170F-879E-4DEE-A386-A09CB721A365}.Debug|Any CPU.Build.0 = Debug|Any CPU
		{2A3F170F-879E-4DEE-A386-A09CB721A365}.Release|Any CPU.ActiveCfg = Release|Any CPU
		{2A3F170F-879E-4DEE-A386-A09CB721A365}.Release|Any CPU.Build.0 = Release|Any CPU
		{D62B4F0C-69CC-4981-B8B1-F029C132905D}.Debug|Any CPU.ActiveCfg = Debug|Any CPU
		{D62B4F0C-69CC-4981-B8B1-F029C132905D}.Debug|Any CPU.Build.0 = Debug|Any CPU
		{D62B4F0C-69CC-4981-B8B1-F029C132905D}.Release|Any CPU.ActiveCfg = Release|Any CPU
		{D62B4F0C-69CC-4981-B8B1-F029C132905D}.Release|Any CPU.Build.0 = Release|Any CPU
		{EDEDC35E-D092-4DF1-AE9E-4FFB40D5D996}.Debug|Any CPU.ActiveCfg = Debug|Any CPU
		{EDEDC35E-D092-4DF1-AE9E-4FFB40D5D996}.Debug|Any CPU.Build.0 = Debug|Any CPU
		{EDEDC35E-D092-4DF1-AE9E-4FFB40D5D996}.Release|Any CPU.ActiveCfg = Release|Any CPU
		{EDEDC35E-D092-4DF1-AE9E-4FFB40D5D996}.Release|Any CPU.Build.0 = Release|Any CPU
		{E4E4218B-5983-4F57-B3B2-6B436BBB1D06}.Debug|Any CPU.ActiveCfg = Debug|Any CPU
		{E4E4218B-5983-4F57-B3B2-6B436BBB1D06}.Debug|Any CPU.Build.0 = Debug|Any CPU
		{E4E4218B-5983-4F57-B3B2-6B436BBB1D06}.Release|Any CPU.ActiveCfg = Release|Any CPU
		{E4E4218B-5983-4F57-B3B2-6B436BBB1D06}.Release|Any CPU.Build.0 = Release|Any CPU
		{D8016301-C296-4C23-9C45-F314E7A38A9C}.Debug|Any CPU.ActiveCfg = Debug|Any CPU
		{D8016301-C296-4C23-9C45-F314E7A38A9C}.Debug|Any CPU.Build.0 = Debug|Any CPU
		{D8016301-C296-4C23-9C45-F314E7A38A9C}.Release|Any CPU.ActiveCfg = Release|Any CPU
		{D8016301-C296-4C23-9C45-F314E7A38A9C}.Release|Any CPU.Build.0 = Release|Any CPU
		{25FBB285-67BC-4B34-A74D-18E580E53D07}.Debug|Any CPU.ActiveCfg = Debug|Any CPU
		{25FBB285-67BC-4B34-A74D-18E580E53D07}.Debug|Any CPU.Build.0 = Debug|Any CPU
		{25FBB285-67BC-4B34-A74D-18E580E53D07}.Release|Any CPU.ActiveCfg = Release|Any CPU
		{25FBB285-67BC-4B34-A74D-18E580E53D07}.Release|Any CPU.Build.0 = Release|Any CPU
		{74BA729E-85E3-47B0-9E26-592865A40175}.Debug|Any CPU.ActiveCfg = Debug|Any CPU
		{74BA729E-85E3-47B0-9E26-592865A40175}.Debug|Any CPU.Build.0 = Debug|Any CPU
		{74BA729E-85E3-47B0-9E26-592865A40175}.Release|Any CPU.ActiveCfg = Release|Any CPU
		{74BA729E-85E3-47B0-9E26-592865A40175}.Release|Any CPU.Build.0 = Release|Any CPU
		{8B60ABA5-351C-45FF-8D49-06F4D68EC0DE}.Debug|Any CPU.ActiveCfg = Debug|Any CPU
		{8B60ABA5-351C-45FF-8D49-06F4D68EC0DE}.Debug|Any CPU.Build.0 = Debug|Any CPU
		{8B60ABA5-351C-45FF-8D49-06F4D68EC0DE}.Release|Any CPU.ActiveCfg = Release|Any CPU
		{8B60ABA5-351C-45FF-8D49-06F4D68EC0DE}.Release|Any CPU.Build.0 = Release|Any CPU
		{F3A7BEDE-51D2-4116-83B9-E83F1C3ED827}.Debug|Any CPU.ActiveCfg = Debug|Any CPU
		{F3A7BEDE-51D2-4116-83B9-E83F1C3ED827}.Debug|Any CPU.Build.0 = Debug|Any CPU
		{F3A7BEDE-51D2-4116-83B9-E83F1C3ED827}.Release|Any CPU.ActiveCfg = Release|Any CPU
		{F3A7BEDE-51D2-4116-83B9-E83F1C3ED827}.Release|Any CPU.Build.0 = Release|Any CPU
		{2B3CE3BC-EF9A-4BEB-8603-4DCA5C36A2CC}.Debug|Any CPU.ActiveCfg = Debug|Any CPU
		{2B3CE3BC-EF9A-4BEB-8603-4DCA5C36A2CC}.Debug|Any CPU.Build.0 = Debug|Any CPU
		{2B3CE3BC-EF9A-4BEB-8603-4DCA5C36A2CC}.Release|Any CPU.ActiveCfg = Release|Any CPU
		{2B3CE3BC-EF9A-4BEB-8603-4DCA5C36A2CC}.Release|Any CPU.Build.0 = Release|Any CPU
		{8EC83F8E-769C-4244-9ACF-4E9360827223}.Debug|Any CPU.ActiveCfg = Debug|Any CPU
		{8EC83F8E-769C-4244-9ACF-4E9360827223}.Debug|Any CPU.Build.0 = Debug|Any CPU
		{8EC83F8E-769C-4244-9ACF-4E9360827223}.Release|Any CPU.ActiveCfg = Release|Any CPU
		{8EC83F8E-769C-4244-9ACF-4E9360827223}.Release|Any CPU.Build.0 = Release|Any CPU
		{A080EF8F-7AAD-4C3F-B72B-46E5D9A2367F}.Debug|Any CPU.ActiveCfg = Debug|Any CPU
		{A080EF8F-7AAD-4C3F-B72B-46E5D9A2367F}.Debug|Any CPU.Build.0 = Debug|Any CPU
		{A080EF8F-7AAD-4C3F-B72B-46E5D9A2367F}.Release|Any CPU.ActiveCfg = Release|Any CPU
		{A080EF8F-7AAD-4C3F-B72B-46E5D9A2367F}.Release|Any CPU.Build.0 = Release|Any CPU
		{691481BD-ABE1-47A9-8C70-633D194036E0}.Debug|Any CPU.ActiveCfg = Debug|Any CPU
		{691481BD-ABE1-47A9-8C70-633D194036E0}.Debug|Any CPU.Build.0 = Debug|Any CPU
		{691481BD-ABE1-47A9-8C70-633D194036E0}.Release|Any CPU.ActiveCfg = Release|Any CPU
		{691481BD-ABE1-47A9-8C70-633D194036E0}.Release|Any CPU.Build.0 = Release|Any CPU
		{DFBD60A6-C658-4D18-B72B-58FC3448C747}.Debug|Any CPU.ActiveCfg = Debug|Any CPU
		{DFBD60A6-C658-4D18-B72B-58FC3448C747}.Debug|Any CPU.Build.0 = Debug|Any CPU
		{DFBD60A6-C658-4D18-B72B-58FC3448C747}.Release|Any CPU.ActiveCfg = Release|Any CPU
		{DFBD60A6-C658-4D18-B72B-58FC3448C747}.Release|Any CPU.Build.0 = Release|Any CPU
	EndGlobalSection
	GlobalSection(SolutionProperties) = preSolution
		HideSolutionNode = FALSE
	EndGlobalSection
	GlobalSection(NestedProjects) = preSolution
		{DD9E8681-9ECA-446D-B228-969E3EF86A8E} = {E5551F1B-3BDD-4CCD-B02D-CA58A93C7AC5}
		{5C94E15F-0659-4F40-855C-257C170213BF} = {E5551F1B-3BDD-4CCD-B02D-CA58A93C7AC5}
		{73B491DE-905A-4C76-8C0C-10DB1AD2F513} = {82604847-745C-40B9-8C5C-C9A29A258C90}
		{2A3F170F-879E-4DEE-A386-A09CB721A365} = {82604847-745C-40B9-8C5C-C9A29A258C90}
		{D62B4F0C-69CC-4981-B8B1-F029C132905D} = {82604847-745C-40B9-8C5C-C9A29A258C90}
		{EDEDC35E-D092-4DF1-AE9E-4FFB40D5D996} = {AF0E543F-40F0-4C1C-BB2D-2EB267008CF1}
		{E4E4218B-5983-4F57-B3B2-6B436BBB1D06} = {BBDDEF1E-94C9-4EDF-99A7-22B636E10D43}
		{D8016301-C296-4C23-9C45-F314E7A38A9C} = {08FE2EC2-7229-4BDA-9DD6-F3BBE5B06567}
		{25FBB285-67BC-4B34-A74D-18E580E53D07} = {72AD456F-3452-45F6-8509-CC71902094F6}
		{74BA729E-85E3-47B0-9E26-592865A40175} = {31EF7E44-F127-4DAF-866F-5C78E8B601C1}
		{8B60ABA5-351C-45FF-8D49-06F4D68EC0DE} = {6CDEFE6E-2392-4373-8E73-407F315CEFAB}
		{F3A7BEDE-51D2-4116-83B9-E83F1C3ED827} = {08FE2EC2-7229-4BDA-9DD6-F3BBE5B06567}
		{2B3CE3BC-EF9A-4BEB-8603-4DCA5C36A2CC} = {08FE2EC2-7229-4BDA-9DD6-F3BBE5B06567}
		{8EC83F8E-769C-4244-9ACF-4E9360827223} = {BBDDEF1E-94C9-4EDF-99A7-22B636E10D43}
		{A080EF8F-7AAD-4C3F-B72B-46E5D9A2367F} = {08FE2EC2-7229-4BDA-9DD6-F3BBE5B06567}
		{691481BD-ABE1-47A9-8C70-633D194036E0} = {08FE2EC2-7229-4BDA-9DD6-F3BBE5B06567}
		{DFBD60A6-C658-4D18-B72B-58FC3448C747} = {08FE2EC2-7229-4BDA-9DD6-F3BBE5B06567}
	EndGlobalSection
	GlobalSection(ExtensibilityGlobals) = postSolution
		SolutionGuid = {374AC2D0-DDA5-404D-B147-455915E38769}
	EndGlobalSection
EndGlobal
